{
  "nodes": {
    "emacs-overlay": {
      "flake": false,
      "locked": {
        "lastModified": 1686564886,
        "narHash": "sha256-rScGuI6g/H8zDCRoKMzrPNm9uiLirNzKWeBr+zv57x4=",
        "owner": "nix-community",
        "repo": "emacs-overlay",
        "rev": "0adeaf14c80ce43d2c27ef35d195196a590694d2",
        "type": "github"
      },
      "original": {
        "owner": "nix-community",
        "repo": "emacs-overlay",
        "type": "github"
      }
    },
    "home-manager": {
      "inputs": {
        "nixpkgs": [
          "nixpkgs"
        ]
      },
      "locked": {
        "lastModified": 1686564129,
        "narHash": "sha256-jzb2mHvQEZJL3a3ANhTeLIaa1nyjFJ/RzUJjCJme/V4=",
        "owner": "nix-community",
        "repo": "home-manager",
        "rev": "9e37a1b6f9507ed27080518ff4007988a50c957e",
        "type": "github"
      },
      "original": {
        "owner": "nix-community",
        "repo": "home-manager",
        "type": "github"
      }
    },
    "nixpkgs": {
      "locked": {
        "lastModified": 1686501370,
        "narHash": "sha256-G0WuM9fqTPRc2URKP9Lgi5nhZMqsfHGrdEbrLvAPJcg=",
        "owner": "nixos",
        "repo": "nixpkgs",
        "rev": "75a5ebf473cd60148ba9aec0d219f72e5cf52519",
        "type": "github"
      },
      "original": {
        "owner": "nixos",
        "ref": "nixos-unstable",
        "repo": "nixpkgs",
        "type": "github"
      }
    },
    "nur": {
      "locked": {
        "lastModified": 1686564773,
        "narHash": "sha256-bPY9Wm16KmehhFjjex/uB3Rssr6kgFV8amN5cIq6Vn0=",
        "owner": "nix-community",
        "repo": "NUR",
        "rev": "3a8d0a9bc840311a7f860e6d9575b137c0830285",
        "type": "github"
      },
      "original": {
        "owner": "nix-community",
        "repo": "NUR",
        "type": "github"
      }
    },
    "root": {
      "inputs": {
        "emacs-overlay": "emacs-overlay",
        "home-manager": "home-manager",
        "nixpkgs": "nixpkgs",
        "nur": "nur"
      }
    }
  },
  "root": "root",
  "version": 7
}
